{
  "name": "DeskTube",
  "lockfileVersion": 3,
  "requires": true,
  "packages": {
    "": {
      "dependencies": {
        "@fluentui/svg-icons": "^1.1.198",
        "@fluentui/web-components": "^2.5.14",
        "idb-keyval": "^6.2.1",
        "image-to-base64": "^2.2.0"
      }
    },
    "node_modules/@fluentui/svg-icons": {
      "version": "1.1.198",
      "resolved": "https://registry.npmjs.org/@fluentui/svg-icons/-/svg-icons-1.1.198.tgz",
      "integrity": "sha512-mjbHwrosuWyFG3NWYLKXCK9FcXv4GCQYY1yELgg1a8yc3vcaslD9lvjXJM5qO7ht6q0zV9JyrCS2hA4hjTKhqw=="
    },
    "node_modules/@fluentui/web-components": {
      "version": "2.5.14",
      "resolved": "https://registry.npmjs.org/@fluentui/web-components/-/web-components-2.5.14.tgz",
      "integrity": "sha512-zupNsFpOCl3NyV2HtCwXQVefLX5GVX/ukjxpNU1PJRX/ExvUYpZ65Llkd1ns0DIi6qFupcm4BrWgFbNtnEBehw==",
      "dependencies": {
        "@microsoft/fast-colors": "^5.3.0",
        "@microsoft/fast-element": "^1.11.1",
        "@microsoft/fast-foundation": "^2.48.1",
        "@microsoft/fast-web-utilities": "^5.4.0",
        "tslib": "^2.1.0"
      }
    },
    "node_modules/@microsoft/fast-colors": {
      "version": "5.3.1",
      "resolved": "https://registry.npmjs.org/@microsoft/fast-colors/-/fast-colors-5.3.1.tgz",
      "integrity": "sha512-72RZXVfCbwQzvo5sXXkuLXLT7rMeYaSf5r/6ewQiv/trBtqpWRm4DEH2EilHw/iWTBKOXs1qZNQndgUMa5n4LA=="
    },
    "node_modules/@microsoft/fast-element": {
      "version": "1.12.0",
      "resolved": "https://registry.npmjs.org/@microsoft/fast-element/-/fast-element-1.12.0.tgz",
      "integrity": "sha512-gQutuDHPKNxUEcQ4pypZT4Wmrbapus+P9s3bR/SEOLsMbNqNoXigGImITygI5zhb+aA5rzflM6O8YWkmRbGkPA=="
    },
    "node_modules/@microsoft/fast-foundation": {
      "version": "2.49.0",
      "resolved": "https://registry.npmjs.org/@microsoft/fast-foundation/-/fast-foundation-2.49.0.tgz",
      "integrity": "sha512-Wk4e4QXFVtT5hPwhMfHyGY30kixM0td8aDs7bAD6NM2z2SCBNvpTTWp+FCjx0I0lpUMlMenb6wsw7pMWQreRkQ==",
      "dependencies": {
        "@microsoft/fast-element": "^1.12.0",
        "@microsoft/fast-web-utilities": "^5.4.1",
        "tabbable": "^5.2.0",
        "tslib": "^1.13.0"
      }
    },
    "node_modules/@microsoft/fast-foundation/node_modules/tslib": {
      "version": "1.14.1",
      "resolved": "https://registry.npmjs.org/tslib/-/tslib-1.14.1.tgz",
      "integrity": "sha512-Xni35NKzjgMrwevysHTCArtLDpPvye8zV/0E4EyYn43P7/7qvQwPh9BGkHewbMulVntbigmcT7rdX3BNo9wRJg=="
    },
    "node_modules/@microsoft/fast-web-utilities": {
      "version": "5.4.1",
      "resolved": "https://registry.npmjs.org/@microsoft/fast-web-utilities/-/fast-web-utilities-5.4.1.tgz",
      "integrity": "sha512-ReWYncndjV3c8D8iq9tp7NcFNc1vbVHvcBFPME2nNFKNbS1XCesYZGlIlf3ot5EmuOXPlrzUHOWzQ2vFpIkqDg==",
      "dependencies": {
        "exenv-es6": "^1.1.1"
      }
    },
    "node_modules/exenv-es6": {
      "version": "1.1.1",
      "resolved": "https://registry.npmjs.org/exenv-es6/-/exenv-es6-1.1.1.tgz",
      "integrity": "sha512-vlVu3N8d6yEMpMsEm+7sUBAI81aqYYuEvfK0jNqmdb/OPXzzH7QWDDnVjMvDSY47JdHEqx/dfC/q8WkfoTmpGQ=="
    },
    "node_modules/idb-keyval": {
      "version": "6.2.1",
      "resolved": "https://registry.npmjs.org/idb-keyval/-/idb-keyval-6.2.1.tgz",
      "integrity": "sha512-8Sb3veuYCyrZL+VBt9LJfZjLUPWVvqn8tG28VqYNFCo43KHcKuq+b4EiXGeuaLAQWL2YmyDgMp2aSpH9JHsEQg=="
    },
    "node_modules/image-to-base64": {
      "version": "2.2.0",
      "resolved": "https://registry.npmjs.org/image-to-base64/-/image-to-base64-2.2.0.tgz",
      "integrity": "sha512-Z+aMwm/91UOQqHhrz7Upre2ytKhWejZlWV/JxUTD1sT7GWWKFDJUEV5scVQKnkzSgPHFuQBUEWcanO+ma0PSVw==",
      "dependencies": {
        "node-fetch": "^2.6.0"
      }
    },
    "node_modules/node-fetch": {
      "version": "2.6.11",
      "resolved": "https://registry.npmjs.org/node-fetch/-/node-fetch-2.6.11.tgz",
      "integrity": "sha512-4I6pdBY1EthSqDmJkiNk3JIT8cswwR9nfeW/cPdUagJYEQG7R95WRH74wpz7ma8Gh/9dI9FP+OU+0E4FvtA55w==",
      "dependencies": {
        "whatwg-url": "^5.0.0"
      },
      "engines": {
        "node": "4.x || >=6.0.0"
      },
      "peerDependencies": {
        "encoding": "^0.1.0"
      },
      "peerDependenciesMeta": {
        "encoding": {
          "optional": true
        }
      }
    },
    "node_modules/tabbable": {
      "version": "5.3.3",
      "resolved": "https://registry.npmjs.org/tabbable/-/tabbable-5.3.3.tgz",
      "integrity": "sha512-QD9qKY3StfbZqWOPLp0++pOrAVb/HbUi5xCc8cUo4XjP19808oaMiDzn0leBY5mCespIBM0CIZePzZjgzR83kA=="
    },
    "node_modules/tr46": {
      "version": "0.0.3",
      "resolved": "https://registry.npmjs.org/tr46/-/tr46-0.0.3.tgz",
      "integrity": "sha512-N3WMsuqV66lT30CrXNbEjx4GEwlow3v6rr4mCcv6prnfwhS01rkgyFdjPNBYd9br7LpXV1+Emh01fHnq2Gdgrw=="
    },
    "node_modules/tslib": {
      "version": "2.5.2",
      "resolved": "https://registry.npmjs.org/tslib/-/tslib-2.5.2.tgz",
      "integrity": "sha512-5svOrSA2w3iGFDs1HibEVBGbDrAY82bFQ3HZ3ixB+88nsbsWQoKqDRb5UBYAUPEzbBn6dAp5gRNXglySbx1MlA=="
    },
    "node_modules/webidl-conversions": {
      "version": "3.0.1",
      "resolved": "https://registry.npmjs.org/webidl-conversions/-/webidl-conversions-3.0.1.tgz",
      "integrity": "sha512-2JAn3z8AR6rjK8Sm8orRC0h/bcl/DqL7tRPdGZ4I1CjdF+EaMLmYxBHyXuKL849eucPFhvBoxMsflfOb8kxaeQ=="
    },
    "node_modules/whatwg-url": {
      "version": "5.0.0",
      "resolved": "https://registry.npmjs.org/whatwg-url/-/whatwg-url-5.0.0.tgz",
      "integrity": "sha512-saE57nupxk6v3HY35+jzBwYa0rKSy0XR8JSxZPwgLr7ys0IBzhGviA1/TUGJLmSVqs8pb9AnvICXEuOHLprYTw==",
      "dependencies": {
        "tr46": "~0.0.3",
        "webidl-conversions": "^3.0.0"
      }
    }
  }
}
